
Microsoft Visual Studio Solution File, Format Version 12.00
# Visual Studio Version 17
VisualStudioVersion = 17.7.34202.233
MinimumVisualStudioVersion = 10.0.40219.1
Project("{FAE04EC0-301F-11D3-BF4B-00C04F79EFBC}") = "Entidades", "Entidades\Entidades.csproj", "{3D9929F6-A5BC-4174-A1A2-7F633720CA2F}"
EndProject
Project("{FAE04EC0-301F-11D3-BF4B-00C04F79EFBC}") = "form", "form\form.csproj", "{486CA4BC-55E4-48BB-80ED-DC68C07E5A2A}"
EndProject
Global
	GlobalSection(SolutionConfigurationPlatforms) = preSolution
		Debug|Any CPU = Debug|Any CPU
		Release|Any CPU = Release|Any CPU
	EndGlobalSection
	GlobalSection(ProjectConfigurationPlatforms) = postSolution
		{3D9929F6-A5BC-4174-A1A2-7F633720CA2F}.Debug|Any CPU.ActiveCfg = Debug|Any CPU
		{3D9929F6-A5BC-4174-A1A2-7F633720CA2F}.Debug|Any CPU.Build.0 = Debug|Any CPU
		{3D9929F6-A5BC-4174-A1A2-7F633720CA2F}.Release|Any CPU.ActiveCfg = Release|Any CPU
		{3D9929F6-A5BC-4174-A1A2-7F633720CA2F}.Release|Any CPU.Build.0 = Release|Any CPU
		{486CA4BC-55E4-48BB-80ED-DC68C07E5A2A}.Debug|Any CPU.ActiveCfg = Debug|Any CPU
		{486CA4BC-55E4-48BB-80ED-DC68C07E5A2A}.Debug|Any CPU.Build.0 = Debug|Any CPU
		{486CA4BC-55E4-48BB-80ED-DC68C07E5A2A}.Release|Any CPU.ActiveCfg = Release|Any CPU
		{486CA4BC-55E4-48BB-80ED-DC68C07E5A2A}.Release|Any CPU.Build.0 = Release|Any CPU
	EndGlobalSection
	GlobalSection(SolutionProperties) = preSolution
		HideSolutionNode = FALSE
	EndGlobalSection
	GlobalSection(ExtensibilityGlobals) = postSolution
		SolutionGuid = {6F3F7611-80D7-402D-BB24-0043C70D88F9}
	EndGlobalSection
EndGlobal
